
Microsoft Visual Studio Solution File, Format Version 12.00
# Visual Studio Version 17
VisualStudioVersion = 17.7.34202.233
MinimumVisualStudioVersion = 10.0.40219.1
Project("{FAE04EC0-301F-11D3-BF4B-00C04F79EFBC}") = "RestEx", "RestEx\RestEx.csproj", "{07B4A167-8000-499A-A841-B1BC02E25F4D}"
EndProject
Global
	GlobalSection(SolutionConfigurationPlatforms) = preSolution
		Debug|Any CPU = Debug|Any CPU
		Release|Any CPU = Release|Any CPU
	EndGlobalSection
	GlobalSection(ProjectConfigurationPlatforms) = postSolution
		{07B4A167-8000-499A-A841-B1BC02E25F4D}.Debug|Any CPU.ActiveCfg = Debug|Any CPU
		{07B4A167-8000-499A-A841-B1BC02E25F4D}.Debug|Any CPU.Build.0 = Debug|Any CPU
		{07B4A167-8000-499A-A841-B1BC02E25F4D}.Release|Any CPU.ActiveCfg = Release|Any CPU
		{07B4A167-8000-499A-A841-B1BC02E25F4D}.Release|Any CPU.Build.0 = Release|Any CPU
	EndGlobalSection
	GlobalSection(SolutionProperties) = preSolution
		HideSolutionNode = FALSE
	EndGlobalSection
	GlobalSection(ExtensibilityGlobals) = postSolution
		SolutionGuid = {28F5B62F-3FD6-436E-802B-0404BC366197}
	EndGlobalSection
EndGlobal
